
Microsoft Visual Studio Solution File, Format Version 12.00
Project("{FAE04EC0-301F-11D3-BF4B-00C04F79EFBC}") = "CodeChallenge", "CodeChallenge\CodeChallenge.csproj", "{A97BEAAB-FA41-44D1-BA9D-440E07262FFF}"
EndProject
Global
	GlobalSection(SolutionConfigurationPlatforms) = preSolution
		Debug|Any CPU = Debug|Any CPU
		Release|Any CPU = Release|Any CPU
	EndGlobalSection
	GlobalSection(ProjectConfigurationPlatforms) = postSolution
		{A97BEAAB-FA41-44D1-BA9D-440E07262FFF}.Debug|Any CPU.ActiveCfg = Debug|Any CPU
		{A97BEAAB-FA41-44D1-BA9D-440E07262FFF}.Debug|Any CPU.Build.0 = Debug|Any CPU
		{A97BEAAB-FA41-44D1-BA9D-440E07262FFF}.Release|Any CPU.ActiveCfg = Release|Any CPU
		{A97BEAAB-FA41-44D1-BA9D-440E07262FFF}.Release|Any CPU.Build.0 = Release|Any CPU
	EndGlobalSection
EndGlobal
